
Microsoft Visual Studio Solution File, Format Version 12.00
# Visual Studio 15
VisualStudioVersion = 15.0.27428.2037
MinimumVisualStudioVersion = 10.0.40219.1
Project("{FAE04EC0-301F-11D3-BF4B-00C04F79EFBC}") = "TheCrazyMaze", "TheCrazyMaze\TheCrazyMaze.csproj", "{57E77665-0E9A-4A1D-A679-737F0B82BF45}"
EndProject
Project("{2150E333-8FDC-42A3-9474-1A3956D46DE8}") = "Solution Items", "Solution Items", "{98F0EE8F-31B4-407C-B099-5D6CD80FBD96}"
	ProjectSection(SolutionItems) = preProject
		readme.md = readme.md
	EndProjectSection
EndProject
Project("{FAE04EC0-301F-11D3-BF4B-00C04F79EFBC}") = "TheCrazyMaze.UnitTests", "TheCrazyMaze.UnitTests\TheCrazyMaze.UnitTests.csproj", "{B91419BA-076B-4B22-B5BB-4A43530566C7}"
EndProject
Project("{2150E333-8FDC-42A3-9474-1A3956D46DE8}") = "src", "src", "{B9863056-4678-4A57-B6C3-07DB8574EEE7}"
EndProject
Project("{2150E333-8FDC-42A3-9474-1A3956D46DE8}") = "test", "test", "{CB972F43-7220-4FBF-9655-B6CBF3231921}"
EndProject
Project("{2150E333-8FDC-42A3-9474-1A3956D46DE8}") = "UserInterface", "UserInterface", "{2BB66FF3-DB31-4DA1-90B8-1C9FA37D9165}"
EndProject
Project("{FAE04EC0-301F-11D3-BF4B-00C04F79EFBC}") = "TheCrazyMaze.Console", "TheCrazyMaze.Console\TheCrazyMaze.Console.csproj", "{BA595FFA-3314-44FE-B122-84BE1A026CA8}"
EndProject
Project("{2150E333-8FDC-42A3-9474-1A3956D46DE8}") = "Contract", "Contract", "{DD0C76FF-3DB0-4517-8470-C911538D94ED}"
EndProject
Project("{2150E333-8FDC-42A3-9474-1A3956D46DE8}") = "Business", "Business", "{A70A6E7C-4671-4BE9-A540-CA5C197A67C7}"
EndProject
Project("{FAE04EC0-301F-11D3-BF4B-00C04F79EFBC}") = "TheCrazyMaze.RenesImplementation", "TheCrazyMaze.RenesImplementation\TheCrazyMaze.RenesImplementation.csproj", "{E311D5B1-B7EE-4703-AB4C-7C83822F0483}"
EndProject
Global
	GlobalSection(SolutionConfigurationPlatforms) = preSolution
		Debug|Any CPU = Debug|Any CPU
		Release|Any CPU = Release|Any CPU
	EndGlobalSection
	GlobalSection(ProjectConfigurationPlatforms) = postSolution
		{57E77665-0E9A-4A1D-A679-737F0B82BF45}.Debug|Any CPU.ActiveCfg = Debug|Any CPU
		{57E77665-0E9A-4A1D-A679-737F0B82BF45}.Debug|Any CPU.Build.0 = Debug|Any CPU
		{57E77665-0E9A-4A1D-A679-737F0B82BF45}.Release|Any CPU.ActiveCfg = Release|Any CPU
		{57E77665-0E9A-4A1D-A679-737F0B82BF45}.Release|Any CPU.Build.0 = Release|Any CPU
		{B91419BA-076B-4B22-B5BB-4A43530566C7}.Debug|Any CPU.ActiveCfg = Debug|Any CPU
		{B91419BA-076B-4B22-B5BB-4A43530566C7}.Debug|Any CPU.Build.0 = Debug|Any CPU
		{B91419BA-076B-4B22-B5BB-4A43530566C7}.Release|Any CPU.ActiveCfg = Release|Any CPU
		{B91419BA-076B-4B22-B5BB-4A43530566C7}.Release|Any CPU.Build.0 = Release|Any CPU
		{BA595FFA-3314-44FE-B122-84BE1A026CA8}.Debug|Any CPU.ActiveCfg = Debug|Any CPU
		{BA595FFA-3314-44FE-B122-84BE1A026CA8}.Debug|Any CPU.Build.0 = Debug|Any CPU
		{BA595FFA-3314-44FE-B122-84BE1A026CA8}.Release|Any CPU.ActiveCfg = Release|Any CPU
		{BA595FFA-3314-44FE-B122-84BE1A026CA8}.Release|Any CPU.Build.0 = Release|Any CPU
		{E311D5B1-B7EE-4703-AB4C-7C83822F0483}.Debug|Any CPU.ActiveCfg = Debug|Any CPU
		{E311D5B1-B7EE-4703-AB4C-7C83822F0483}.Debug|Any CPU.Build.0 = Debug|Any CPU
		{E311D5B1-B7EE-4703-AB4C-7C83822F0483}.Release|Any CPU.ActiveCfg = Release|Any CPU
		{E311D5B1-B7EE-4703-AB4C-7C83822F0483}.Release|Any CPU.Build.0 = Release|Any CPU
	EndGlobalSection
	GlobalSection(SolutionProperties) = preSolution
		HideSolutionNode = FALSE
	EndGlobalSection
	GlobalSection(NestedProjects) = preSolution
		{57E77665-0E9A-4A1D-A679-737F0B82BF45} = {DD0C76FF-3DB0-4517-8470-C911538D94ED}
		{B91419BA-076B-4B22-B5BB-4A43530566C7} = {CB972F43-7220-4FBF-9655-B6CBF3231921}
		{2BB66FF3-DB31-4DA1-90B8-1C9FA37D9165} = {B9863056-4678-4A57-B6C3-07DB8574EEE7}
		{BA595FFA-3314-44FE-B122-84BE1A026CA8} = {2BB66FF3-DB31-4DA1-90B8-1C9FA37D9165}
		{DD0C76FF-3DB0-4517-8470-C911538D94ED} = {B9863056-4678-4A57-B6C3-07DB8574EEE7}
		{A70A6E7C-4671-4BE9-A540-CA5C197A67C7} = {B9863056-4678-4A57-B6C3-07DB8574EEE7}
		{E311D5B1-B7EE-4703-AB4C-7C83822F0483} = {A70A6E7C-4671-4BE9-A540-CA5C197A67C7}
	EndGlobalSection
	GlobalSection(ExtensibilityGlobals) = postSolution
		SolutionGuid = {C279FDD8-F19E-4FFC-9106-B30E1DABE07A}
	EndGlobalSection
EndGlobal
